// !$*UTF8*$!
{
	archiveVersion = 1;
	classes = {
	};
	objectVersion = 50;
	objects = {

/* Begin PBXBuildFile section */
		A91D99DD215AD697003D4997 /* AppDelegate.swift in Sources */ = {isa = PBXBuildFile; fileRef = A91D99DC215AD697003D4997 /* AppDelegate.swift */; };
		A91D99E2215AD697003D4997 /* Main.storyboard in Resources */ = {isa = PBXBuildFile; fileRef = A91D99E0215AD697003D4997 /* Main.storyboard */; };
		A91D99E4215AD69A003D4997 /* Assets.xcassets in Resources */ = {isa = PBXBuildFile; fileRef = A91D99E3215AD69A003D4997 /* Assets.xcassets */; };
		A91D99E7215AD69A003D4997 /* LaunchScreen.storyboard in Resources */ = {isa = PBXBuildFile; fileRef = A91D99E5215AD69A003D4997 /* LaunchScreen.storyboard */; };
		A91D99F2215AD99A003D4997 /* ImageGalleryDocumentTableViewController.swift in Sources */ = {isa = PBXBuildFile; fileRef = A91D99F1215AD99A003D4997 /* ImageGalleryDocumentTableViewController.swift */; };
		A99F2C74215AE70700432F21 /* Utilities.swift in Sources */ = {isa = PBXBuildFile; fileRef = A99F2C73215AE70700432F21 /* Utilities.swift */; };
		A99F2C76215BF22C00432F21 /* ImageGalleryCollectionViewController.swift in Sources */ = {isa = PBXBuildFile; fileRef = A99F2C75215BF22C00432F21 /* ImageGalleryCollectionViewController.swift */; };
		A99F2C78215BF69300432F21 /* cat.png in Resources */ = {isa = PBXBuildFile; fileRef = A99F2C77215BF69300432F21 /* cat.png */; };
		A99F2C7A215BF73500432F21 /* ImageCollectionViewCell.swift in Sources */ = {isa = PBXBuildFile; fileRef = A99F2C79215BF73500432F21 /* ImageCollectionViewCell.swift */; };
		A99F2C7C215C6D5400432F21 /* ImageGallery.swift in Sources */ = {isa = PBXBuildFile; fileRef = A99F2C7B215C6D5400432F21 /* ImageGallery.swift */; };
/* End PBXBuildFile section */

/* Begin PBXFileReference section */
		A91D99D9215AD697003D4997 /* ImageGallery.app */ = {isa = PBXFileReference; explicitFileType = wrapper.application; includeInIndex = 0; path = ImageGallery.app; sourceTree = BUILT_PRODUCTS_DIR; };
		A91D99DC215AD697003D4997 /* AppDelegate.swift */ = {isa = PBXFileReference; lastKnownFileType = sourcecode.swift; path = AppDelegate.swift; sourceTree = "<group>"; };
		A91D99E1215AD697003D4997 /* Base */ = {isa = PBXFileReference; lastKnownFileType = file.storyboard; name = Base; path = Base.lproj/Main.storyboard; sourceTree = "<group>"; };
		A91D99E3215AD69A003D4997 /* Assets.xcassets */ = {isa = PBXFileReference; lastKnownFileType = folder.assetcatalog; path = Assets.xcassets; sourceTree = "<group>"; };
		A91D99E6215AD69A003D4997 /* Base */ = {isa = PBXFileReference; lastKnownFileType = file.storyboard; name = Base; path = Base.lproj/LaunchScreen.storyboard; sourceTree = "<group>"; };
		A91D99E8215AD69A003D4997 /* Info.plist */ = {isa = PBXFileReference; lastKnownFileType = text.plist.xml; path = Info.plist; sourceTree = "<group>"; };
		A91D99F1215AD99A003D4997 /* ImageGalleryDocumentTableViewController.swift */ = {isa = PBXFileReference; lastKnownFileType = sourcecode.swift; path = ImageGalleryDocumentTableViewController.swift; sourceTree = "<group>"; };
		A99F2C73215AE70700432F21 /* Utilities.swift */ = {isa = PBXFileReference; lastKnownFileType = sourcecode.swift; path = Utilities.swift; sourceTree = "<group>"; };
		A99F2C75215BF22C00432F21 /* ImageGalleryCollectionViewController.swift */ = {isa = PBXFileReference; lastKnownFileType = sourcecode.swift; path = ImageGalleryCollectionViewController.swift; sourceTree = "<group>"; };
		A99F2C77215BF69300432F21 /* cat.png */ = {isa = PBXFileReference; lastKnownFileType = image.png; path = cat.png; sourceTree = "<group>"; };
		A99F2C79215BF73500432F21 /* ImageCollectionViewCell.swift */ = {isa = PBXFileReference; lastKnownFileType = sourcecode.swift; path = ImageCollectionViewCell.swift; sourceTree = "<group>"; };
		A99F2C7B215C6D5400432F21 /* ImageGallery.swift */ = {isa = PBXFileReference; lastKnownFileType = sourcecode.swift; path = ImageGallery.swift; sourceTree = "<group>"; };
/* End PBXFileReference section */

/* Begin PBXFrameworksBuildPhase section */
		A91D99D6215AD697003D4997 /* Frameworks */ = {
			isa = PBXFrameworksBuildPhase;
			buildActionMask = 2147483647;
			files = (
			);
			runOnlyForDeploymentPostprocessing = 0;
		};
/* End PBXFrameworksBuildPhase section */

/* Begin PBXGroup section */
		A91D99D0215AD697003D4997 = {
			isa = PBXGroup;
			children = (
				A91D99DB215AD697003D4997 /* ImageGallery */,
				A91D99DA215AD697003D4997 /* Products */,
			);
			sourceTree = "<group>";
		};
		A91D99DA215AD697003D4997 /* Products */ = {
			isa = PBXGroup;
			children = (
				A91D99D9215AD697003D4997 /* ImageGallery.app */,
			);
			name = Products;
			sourceTree = "<group>";
		};
		A91D99DB215AD697003D4997 /* ImageGallery */ = {
			isa = PBXGroup;
			children = (
				A99F2C77215BF69300432F21 /* cat.png */,
				A91D99E0215AD697003D4997 /* Main.storyboard */,
				A91D99F1215AD99A003D4997 /* ImageGalleryDocumentTableViewController.swift */,
				A99F2C7B215C6D5400432F21 /* ImageGallery.swift */,
				A91D99EE215AD6A6003D4997 /* Supporting Files */,
				A91D99E8215AD69A003D4997 /* Info.plist */,
				A99F2C75215BF22C00432F21 /* ImageGalleryCollectionViewController.swift */,
				A99F2C73215AE70700432F21 /* Utilities.swift */,
				A99F2C79215BF73500432F21 /* ImageCollectionViewCell.swift */,
			);
			path = ImageGallery;
			sourceTree = "<group>";
		};
		A91D99EE215AD6A6003D4997 /* Supporting Files */ = {
			isa = PBXGroup;
			children = (
				A91D99DC215AD697003D4997 /* AppDelegate.swift */,
				A91D99E3215AD69A003D4997 /* Assets.xcassets */,
				A91D99E5215AD69A003D4997 /* LaunchScreen.storyboard */,
			);
			path = "Supporting Files";
			sourceTree = "<group>";
		};
/* End PBXGroup section */

/* Begin PBXNativeTarget section */
		A91D99D8215AD697003D4997 /* ImageGallery */ = {
			isa = PBXNativeTarget;
			buildConfigurationList = A91D99EB215AD69A003D4997 /* Build configuration list for PBXNativeTarget "ImageGallery" */;
			buildPhases = (
				A91D99D5215AD697003D4997 /* Sources */,
				A91D99D6215AD697003D4997 /* Frameworks */,
				A91D99D7215AD697003D4997 /* Resources */,
			);
			buildRules = (
			);
			dependencies = (
			);
			name = ImageGallery;
			productName = ImageGallery;
			productReference = A91D99D9215AD697003D4997 /* ImageGallery.app */;
			productType = "com.apple.product-type.application";
		};
/* End PBXNativeTarget section */

/* Begin PBXProject section */
		A91D99D1215AD697003D4997 /* Project object */ = {
			isa = PBXProject;
			attributes = {
				LastSwiftUpdateCheck = 0940;
				LastUpgradeCheck = 0940;
				ORGANIZATIONNAME = "Juice Crawl";
				TargetAttributes = {
					A91D99D8215AD697003D4997 = {
						CreatedOnToolsVersion = 9.4.1;
					};
				};
			};
			buildConfigurationList = A91D99D4215AD697003D4997 /* Build configuration list for PBXProject "ImageGallery" */;
			compatibilityVersion = "Xcode 9.3";
			developmentRegion = en;
			hasScannedForEncodings = 0;
			knownRegions = (
				en,
				Base,
			);
			mainGroup = A91D99D0215AD697003D4997;
			productRefGroup = A91D99DA215AD697003D4997 /* Products */;
			projectDirPath = "";
			projectRoot = "";
			targets = (
				A91D99D8215AD697003D4997 /* ImageGallery */,
			);
		};
/* End PBXProject section */

/* Begin PBXResourcesBuildPhase section */
		A91D99D7215AD697003D4997 /* Resources */ = {
			isa = PBXResourcesBuildPhase;
			buildActionMask = 2147483647;
			files = (
				A91D99E7215AD69A003D4997 /* LaunchScreen.storyboard in Resources */,
				A91D99E4215AD69A003D4997 /* Assets.xcassets in Resources */,
				A99F2C78215BF69300432F21 /* cat.png in Resources */,
				A91D99E2215AD697003D4997 /* Main.storyboard in Resources */,
			);
			runOnlyForDeploymentPostprocessing = 0;
		};
/* End PBXResourcesBuildPhase section */

/* Begin PBXSourcesBuildPhase section */
		A91D99D5215AD697003D4997 /* Sources */ = {
			isa = PBXSourcesBuildPhase;
			buildActionMask = 2147483647;
			files = (
				A99F2C7C215C6D5400432F21 /* ImageGallery.swift in Sources */,
				A99F2C7A215BF73500432F21 /* ImageCollectionViewCell.swift in Sources */,
				A99F2C76215BF22C00432F21 /* ImageGalleryCollectionViewController.swift in Sources */,
				A91D99F2215AD99A003D4997 /* ImageGalleryDocumentTableViewController.swift in Sources */,
				A99F2C74215AE70700432F21 /* Utilities.swift in Sources */,
				A91D99DD215AD697003D4997 /* AppDelegate.swift in Sources */,
			);
			runOnlyForDeploymentPostprocessing = 0;
		};
/* End PBXSourcesBuildPhase section */

/* Begin PBXVariantGroup section */
		A91D99E0215AD697003D4997 /* Main.storyboard */ = {
			isa = PBXVariantGroup;
			children = (
				A91D99E1215AD697003D4997 /* Base */,
			);
			name = Main.storyboard;
			sourceTree = "<group>";
		};
		A91D99E5215AD69A003D4997 /* LaunchScreen.storyboard */ = {
			isa = PBXVariantGroup;
			children = (
				A91D99E6215AD69A003D4997 /* Base */,
			);
			name = LaunchScreen.storyboard;
			sourceTree = "<group>";
		};
/* End PBXVariantGroup section */

/* Begin XCBuildConfiguration section */
		A91D99E9215AD69A003D4997 /* Debug */ = {
			isa = XCBuildConfiguration;
			buildSettings = {
				ALWAYS_SEARCH_USER_PATHS = NO;
				CLANG_ANALYZER_NONNULL = YES;
				CLANG_ANALYZER_NUMBER_OBJECT_CONVERSION = YES_AGGRESSIVE;
				CLANG_CXX_LANGUAGE_STANDARD = "gnu++14";
				CLANG_CXX_LIBRARY = "libc++";
				CLANG_ENABLE_MODULES = YES;
				CLANG_ENABLE_OBJC_ARC = YES;
				CLANG_ENABLE_OBJC_WEAK = YES;
				CLANG_WARN_BLOCK_CAPTURE_AUTORELEASING = YES;
				CLANG_WARN_BOOL_CONVERSION = YES;
				CLANG_WARN_COMMA = YES;
				CLANG_WARN_CONSTANT_CONVERSION = YES;
				CLANG_WARN_DEPRECATED_OBJC_IMPLEMENTATIONS = YES;
				CLANG_WARN_DIRECT_OBJC_ISA_USAGE = YES_ERROR;
				CLANG_WARN_DOCUMENTATION_COMMENTS = YES;
				CLANG_WARN_EMPTY_BODY = YES;
				CLANG_WARN_ENUM_CONVERSION = YES;
				CLANG_WARN_INFINITE_RECURSION = YES;
				CLANG_WARN_INT_CONVERSION = YES;
				CLANG_WARN_NON_LITERAL_NULL_CONVERSION = YES;
				CLANG_WARN_OBJC_IMPLICIT_RETAIN_SELF = YES;
				CLANG_WARN_OBJC_LITERAL_CONVERSION = YES;
				CLANG_WARN_OBJC_ROOT_CLASS = YES_ERROR;
				CLANG_WARN_RANGE_LOOP_ANALYSIS = YES;
				CLANG_WARN_STRICT_PROTOTYPES = YES;
				CLANG_WARN_SUSPICIOUS_MOVE = YES;
				CLANG_WARN_UNGUARDED_AVAILABILITY = YES_AGGRESSIVE;
				CLANG_WARN_UNREACHABLE_CODE = YES;
				CLANG_WARN__DUPLICATE_METHOD_MATCH = YES;
				CODE_SIGN_IDENTITY = "iPhone Developer";
				COPY_PHASE_STRIP = NO;
				DEBUG_INFORMATION_FORMAT = dwarf;
				ENABLE_STRICT_OBJC_MSGSEND = YES;
				ENABLE_TESTABILITY = YES;
				GCC_C_LANGUAGE_STANDARD = gnu11;
				GCC_DYNAMIC_NO_PIC = NO;
				GCC_NO_COMMON_BLOCKS = YES;
				GCC_OPTIMIZATION_LEVEL = 0;
				GCC_PREPROCESSOR_DEFINITIONS = (
					"DEBUG=1",
					"$(inherited)",
				);
				GCC_WARN_64_TO_32_BIT_CONVERSION = YES;
				GCC_WARN_ABOUT_RETURN_TYPE = YES_ERROR;
				GCC_WARN_UNDECLARED_SELECTOR = YES;
				GCC_WARN_UNINITIALIZED_AUTOS = YES_AGGRESSIVE;
				GCC_WARN_UNUSED_FUNCTION = YES;
				GCC_WARN_UNUSED_VARIABLE = YES;
				IPHONEOS_DEPLOYMENT_TARGET = 11.4;
				MTL_ENABLE_DEBUG_INFO = YES;
				ONLY_ACTIVE_ARCH = YES;
				SDKROOT = iphoneos;
				SWIFT_ACTIVE_COMPILATION_CONDITIONS = DEBUG;
				SWIFT_OPTIMIZATION_LEVEL = "-Onone";
			};
			name = Debug;
		};
		A91D99EA215AD69A003D4997 /* Release */ = {
			isa = XCBuildConfiguration;
			buildSettings = {
				ALWAYS_SEARCH_USER_PATHS = NO;
				CLANG_ANALYZER_NONNULL = YES;
				CLANG_ANALYZER_NUMBER_OBJECT_CONVERSION = YES_AGGRESSIVE;
				CLANG_CXX_LANGUAGE_STANDARD = "gnu++14";
				CLANG_CXX_LIBRARY = "libc++";
				CLANG_ENABLE_MODULES = YES;
				CLANG_ENABLE_OBJC_ARC = YES;
				CLANG_ENABLE_OBJC_WEAK = YES;
				CLANG_WARN_BLOCK_CAPTURE_AUTORELEASING = YES;
				CLANG_WARN_BOOL_CONVERSION = YES;
				CLANG_WARN_COMMA = YES;
				CLANG_WARN_CONSTANT_CONVERSION = YES;
				CLANG_WARN_DEPRECATED_OBJC_IMPLEMENTATIONS = YES;
				CLANG_WARN_DIRECT_OBJC_ISA_USAGE = YES_ERROR;
				CLANG_WARN_DOCUMENTATION_COMMENTS = YES;
				CLANG_WARN_EMPTY_BODY = YES;
				CLANG_WARN_ENUM_CONVERSION = YES;
				CLANG_WARN_INFINITE_RECURSION = YES;
				CLANG_WARN_INT_CONVERSION = YES;
				CLANG_WARN_NON_LITERAL_NULL_CONVERSION = YES;
				CLANG_WARN_OBJC_IMPLICIT_RETAIN_SELF = YES;
				CLANG_WARN_OBJC_LITERAL_CONVERSION = YES;
				CLANG_WARN_OBJC_ROOT_CLASS = YES_ERROR;
				CLANG_WARN_RANGE_LOOP_ANALYSIS = YES;
				CLANG_WARN_STRICT_PROTOTYPES = YES;
				CLANG_WARN_SUSPICIOUS_MOVE = YES;
				CLANG_WARN_UNGUARDED_AVAILABILITY = YES_AGGRESSIVE;
				CLANG_WARN_UNREACHABLE_CODE = YES;
				CLANG_WARN__DUPLICATE_METHOD_MATCH = YES;
				CODE_SIGN_IDENTITY = "iPhone Developer";
				COPY_PHASE_STRIP = NO;
				DEBUG_INFORMATION_FORMAT = "dwarf-with-dsym";
				ENABLE_NS_ASSERTIONS = NO;
				ENABLE_STRICT_OBJC_MSGSEND = YES;
				GCC_C_LANGUAGE_STANDARD = gnu11;
				GCC_NO_COMMON_BLOCKS = YES;
				GCC_WARN_64_TO_32_BIT_CONVERSION = YES;
				GCC_WARN_ABOUT_RETURN_TYPE = YES_ERROR;
				GCC_WARN_UNDECLARED_SELECTOR = YES;
				GCC_WARN_UNINITIALIZED_AUTOS = YES_AGGRESSIVE;
				GCC_WARN_UNUSED_FUNCTION = YES;
				GCC_WARN_UNUSED_VARIABLE = YES;
				IPHONEOS_DEPLOYMENT_TARGET = 11.4;
				MTL_ENABLE_DEBUG_INFO = NO;
				SDKROOT = iphoneos;
				SWIFT_COMPILATION_MODE = wholemodule;
				SWIFT_OPTIMIZATION_LEVEL = "-O";
				VALIDATE_PRODUCT = YES;
			};
			name = Release;
		};
		A91D99EC215AD69A003D4997 /* Debug */ = {
			isa = XCBuildConfiguration;
			buildSettings = {
				ASSETCATALOG_COMPILER_APPICON_NAME = AppIcon;
				CODE_SIGN_STYLE = Automatic;
				DEVELOPMENT_TEAM = QU5XHRZES9;
				INFOPLIST_FILE = ImageGallery/Info.plist;
				LD_RUNPATH_SEARCH_PATHS = (
					"$(inherited)",
					"@executable_path/Frameworks",
				);
				PRODUCT_BUNDLE_IDENTIFIER = com.juicecrawl.ImageGallery;
				PRODUCT_NAME = "$(TARGET_NAME)";
				SWIFT_VERSION = 4.0;
				TARGETED_DEVICE_FAMILY = "1,2";
			};
			name = Debug;
		};
		A91D99ED215AD69A003D4997 /* Release */ = {
			isa = XCBuildConfiguration;
			buildSettings = {
				ASSETCATALOG_COMPILER_APPICON_NAME = AppIcon;
				CODE_SIGN_STYLE = Automatic;
				DEVELOPMENT_TEAM = QU5XHRZES9;
				INFOPLIST_FILE = ImageGallery/Info.plist;
				LD_RUNPATH_SEARCH_PATHS = (
					"$(inherited)",
					"@executable_path/Frameworks",
				);
				PRODUCT_BUNDLE_IDENTIFIER = com.juicecrawl.ImageGallery;
				PRODUCT_NAME = "$(TARGET_NAME)";
				SWIFT_VERSION = 4.0;
				TARGETED_DEVICE_FAMILY = "1,2";
			};
			name = Release;
		};
/* End XCBuildConfiguration section */

/* Begin XCConfigurationList section */
		A91D99D4215AD697003D4997 /* Build configuration list for PBXProject "ImageGallery" */ = {
			isa = XCConfigurationList;
			buildConfigurations = (
				A91D99E9215AD69A003D4997 /* Debug */,
				A91D99EA215AD69A003D4997 /* Release */,
			);
			defaultConfigurationIsVisible = 0;
			defaultConfigurationName = Release;
		};
		A91D99EB215AD69A003D4997 /* Build configuration list for PBXNativeTarget "ImageGallery" */ = {
			isa = XCConfigurationList;
			buildConfigurations = (
				A91D99EC215AD69A003D4997 /* Debug */,
				A91D99ED215AD69A003D4997 /* Release */,
			);
			defaultConfigurationIsVisible = 0;
			defaultConfigurationName = Release;
		};
/* End XCConfigurationList section */
	};
	rootObject = A91D99D1215AD697003D4997 /* Project object */;
}
